{
  "name": "nw-splasher-auto-update",
  "version": "1.0.0",
  "lockfileVersion": 2,
  "requires": true,
  "packages": {
    "": {
      "name": "nw-splasher-auto-update",
      "version": "1.0.0",
      "license": "MIT",
      "dependencies": {
        "nw-splasher": "^1.0.0"
      }
    },
    "node_modules/nw-splasher": {
      "version": "1.0.0",
      "resolved": "https://registry.npmjs.org/nw-splasher/-/nw-splasher-1.0.0.tgz",
      "integrity": "sha512-XwjW6hRC6cpVnLsZt11aTq6p71NJwFcVjEoiQ7tzrd06dgcxbZ5u1bYPuaJWeXDOu1gwKNVHD0Q+JpQc0C8SyA=="
    }
  },
  "dependencies": {
    "nw-splasher": {
      "version": "1.0.0",
      "resolved": "https://registry.npmjs.org/nw-splasher/-/nw-splasher-1.0.0.tgz",
      "integrity": "sha512-XwjW6hRC6cpVnLsZt11aTq6p71NJwFcVjEoiQ7tzrd06dgcxbZ5u1bYPuaJWeXDOu1gwKNVHD0Q+JpQc0C8SyA=="
    }
  }
}
